// !$*UTF8*$!
{
	archiveVersion = 1;
	classes = {
	};
	objectVersion = 46;
	objects = {

/* Begin PBXBuildFile section */
		1BA1577909BDBD891065ECCB /* libPods.a in Frameworks */ = {isa = PBXBuildFile; fileRef = D1343F1C51DD6F63718D7147 /* libPods.a */; };
		90001E9C1C3EBD1E0099615B /* DMFileService.m in Sources */ = {isa = PBXBuildFile; fileRef = 90001E9B1C3EBD1E0099615B /* DMFileService.m */; };
		90001EA01C3EC9FD0099615B /* DMEnvironment.m in Sources */ = {isa = PBXBuildFile; fileRef = 90001E9F1C3EC9FD0099615B /* DMEnvironment.m */; };
		900F10AF1C3B2351003FF3B1 /* main.m in Sources */ = {isa = PBXBuildFile; fileRef = 900F10AE1C3B2351003FF3B1 /* main.m */; };
		900F10B21C3B2351003FF3B1 /* AppDelegate.m in Sources */ = {isa = PBXBuildFile; fileRef = 900F10B11C3B2351003FF3B1 /* AppDelegate.m */; };
		900F10BA1C3B2351003FF3B1 /* Assets.xcassets in Resources */ = {isa = PBXBuildFile; fileRef = 900F10B91C3B2351003FF3B1 /* Assets.xcassets */; };
		900F10C81C3B2351003FF3B1 /* LooperTests.m in Sources */ = {isa = PBXBuildFile; fileRef = 900F10C71C3B2351003FF3B1 /* LooperTests.m */; };
		900F10D31C3B2351003FF3B1 /* LooperUITests.m in Sources */ = {isa = PBXBuildFile; fileRef = 900F10D21C3B2351003FF3B1 /* LooperUITests.m */; };
		903D5C2B1C3EF2BE0097A06D /* DMTrackCell.xib in Resources */ = {isa = PBXBuildFile; fileRef = 903D5C2A1C3EF2BE0097A06D /* DMTrackCell.xib */; };
		903D5C2F1C3EF2F40097A06D /* DMTrackCell.m in Sources */ = {isa = PBXBuildFile; fileRef = 903D5C2E1C3EF2F40097A06D /* DMTrackCell.m */; };
		9048DDC81C3DB090005D3C08 /* DMBaseTrack.m in Sources */ = {isa = PBXBuildFile; fileRef = 9048DDC71C3DB090005D3C08 /* DMBaseTrack.m */; };
		9048DDCC1C3DC9D5005D3C08 /* DMUserDefaultsRepository.m in Sources */ = {isa = PBXBuildFile; fileRef = 9048DDCB1C3DC9D5005D3C08 /* DMUserDefaultsRepository.m */; };
		9062E6F91C3EADE0001B4018 /* DMFileRepository.m in Sources */ = {isa = PBXBuildFile; fileRef = 9062E6F81C3EADE0001B4018 /* DMFileRepository.m */; };
		906CA2711C42E77300622D7D /* DMRecorder.m in Sources */ = {isa = PBXBuildFile; fileRef = 906CA2701C42E77300622D7D /* DMRecorder.m */; };
		90C21F0F1C3D57BD00057999 /* UIView+DMAutoLayout.m in Sources */ = {isa = PBXBuildFile; fileRef = 90C21EEA1C3D57BD00057999 /* UIView+DMAutoLayout.m */; };
		90C21F101C3D57BD00057999 /* UIView+DMNibLoader.m in Sources */ = {isa = PBXBuildFile; fileRef = 90C21EEC1C3D57BD00057999 /* UIView+DMNibLoader.m */; };
		90C21F111C3D57BD00057999 /* UIViewController+DMHelpers.m in Sources */ = {isa = PBXBuildFile; fileRef = 90C21EEE1C3D57BD00057999 /* UIViewController+DMHelpers.m */; };
		90C21F191C3D57BD00057999 /* DMLooperService.m in Sources */ = {isa = PBXBuildFile; fileRef = 90C21F021C3D57BD00057999 /* DMLooperService.m */; };
		90C21F1C1C3D57BD00057999 /* DMSavedLoopCell.xib in Resources */ = {isa = PBXBuildFile; fileRef = 90C21F0B1C3D57BD00057999 /* DMSavedLoopCell.xib */; };
		90C21F1D1C3D57BD00057999 /* DMSavedLoopHeader.xib in Resources */ = {isa = PBXBuildFile; fileRef = 90C21F0C1C3D57BD00057999 /* DMSavedLoopHeader.xib */; };
		90C21F1E1C3D57BD00057999 /* DMTracksView.xib in Resources */ = {isa = PBXBuildFile; fileRef = 90C21F0E1C3D57BD00057999 /* DMTracksView.xib */; };
		90C21F231C3D581B00057999 /* LaunchScreen.storyboard in Resources */ = {isa = PBXBuildFile; fileRef = 90C21F1F1C3D581B00057999 /* LaunchScreen.storyboard */; };
		90C21F241C3D581B00057999 /* Main.storyboard in Resources */ = {isa = PBXBuildFile; fileRef = 90C21F211C3D581B00057999 /* Main.storyboard */; };
		90C21F2B1C3D588600057999 /* DMSavedLoopCell.m in Sources */ = {isa = PBXBuildFile; fileRef = 90C21F281C3D588600057999 /* DMSavedLoopCell.m */; };
		90C21F2C1C3D588600057999 /* DMSavedLoopHeader.m in Sources */ = {isa = PBXBuildFile; fileRef = 90C21F2A1C3D588600057999 /* DMSavedLoopHeader.m */; };
		90C21F341C3D589400057999 /* DMTrack.m in Sources */ = {isa = PBXBuildFile; fileRef = 90C21F2F1C3D589400057999 /* DMTrack.m */; };
		90C21F361C3D589400057999 /* DMLooper.m in Sources */ = {isa = PBXBuildFile; fileRef = 90C21F331C3D589400057999 /* DMLooper.m */; };
		90C21F401C3D58A000057999 /* DMHomeViewController.m in Sources */ = {isa = PBXBuildFile; fileRef = 90C21F391C3D58A000057999 /* DMHomeViewController.m */; };
		90C21F411C3D58A000057999 /* DMLooperViewController.m in Sources */ = {isa = PBXBuildFile; fileRef = 90C21F3B1C3D58A000057999 /* DMLooperViewController.m */; };
		90C21F421C3D58A000057999 /* DMNavigationController.m in Sources */ = {isa = PBXBuildFile; fileRef = 90C21F3D1C3D58A000057999 /* DMNavigationController.m */; };
		90C21F431C3D58A000057999 /* DMTracksViewController.m in Sources */ = {isa = PBXBuildFile; fileRef = 90C21F3F1C3D58A000057999 /* DMTracksViewController.m */; };
/* End PBXBuildFile section */

/* Begin PBXContainerItemProxy section */
		900F10C41C3B2351003FF3B1 /* PBXContainerItemProxy */ = {
			isa = PBXContainerItemProxy;
			containerPortal = 900F10A21C3B2351003FF3B1 /* Project object */;
			proxyType = 1;
			remoteGlobalIDString = 900F10A91C3B2351003FF3B1;
			remoteInfo = Looper;
		};
		900F10CF1C3B2351003FF3B1 /* PBXContainerItemProxy */ = {
			isa = PBXContainerItemProxy;
			containerPortal = 900F10A21C3B2351003FF3B1 /* Project object */;
			proxyType = 1;
			remoteGlobalIDString = 900F10A91C3B2351003FF3B1;
			remoteInfo = Looper;
		};
/* End PBXContainerItemProxy section */

/* Begin PBXFileReference section */
		3B83EFC457ED577A285DC32B /* Pods.debug.xcconfig */ = {isa = PBXFileReference; includeInIndex = 1; lastKnownFileType = text.xcconfig; name = Pods.debug.xcconfig; path = "Pods/Target Support Files/Pods/Pods.debug.xcconfig"; sourceTree = "<group>"; };
		90001E9A1C3EBD1E0099615B /* DMFileService.h */ = {isa = PBXFileReference; fileEncoding = 4; lastKnownFileType = sourcecode.c.h; path = DMFileService.h; sourceTree = "<group>"; };
		90001E9B1C3EBD1E0099615B /* DMFileService.m */ = {isa = PBXFileReference; fileEncoding = 4; lastKnownFileType = sourcecode.c.objc; path = DMFileService.m; sourceTree = "<group>"; };
		90001E9E1C3EC9FD0099615B /* DMEnvironment.h */ = {isa = PBXFileReference; fileEncoding = 4; lastKnownFileType = sourcecode.c.h; path = DMEnvironment.h; sourceTree = "<group>"; };
		90001E9F1C3EC9FD0099615B /* DMEnvironment.m */ = {isa = PBXFileReference; fileEncoding = 4; lastKnownFileType = sourcecode.c.objc; path = DMEnvironment.m; sourceTree = "<group>"; };
		900F10AA1C3B2351003FF3B1 /* Looper.app */ = {isa = PBXFileReference; explicitFileType = wrapper.application; includeInIndex = 0; path = Looper.app; sourceTree = BUILT_PRODUCTS_DIR; };
		900F10AE1C3B2351003FF3B1 /* main.m */ = {isa = PBXFileReference; lastKnownFileType = sourcecode.c.objc; path = main.m; sourceTree = "<group>"; };
		900F10B01C3B2351003FF3B1 /* AppDelegate.h */ = {isa = PBXFileReference; lastKnownFileType = sourcecode.c.h; path = AppDelegate.h; sourceTree = "<group>"; };
		900F10B11C3B2351003FF3B1 /* AppDelegate.m */ = {isa = PBXFileReference; lastKnownFileType = sourcecode.c.objc; path = AppDelegate.m; sourceTree = "<group>"; };
		900F10B91C3B2351003FF3B1 /* Assets.xcassets */ = {isa = PBXFileReference; lastKnownFileType = folder.assetcatalog; path = Assets.xcassets; sourceTree = "<group>"; };
		900F10BE1C3B2351003FF3B1 /* Info.plist */ = {isa = PBXFileReference; lastKnownFileType = text.plist.xml; path = Info.plist; sourceTree = "<group>"; };
		900F10C31C3B2351003FF3B1 /* LooperTests.xctest */ = {isa = PBXFileReference; explicitFileType = wrapper.cfbundle; includeInIndex = 0; path = LooperTests.xctest; sourceTree = BUILT_PRODUCTS_DIR; };
		900F10C71C3B2351003FF3B1 /* LooperTests.m */ = {isa = PBXFileReference; lastKnownFileType = sourcecode.c.objc; path = LooperTests.m; sourceTree = "<group>"; };
		900F10C91C3B2351003FF3B1 /* Info.plist */ = {isa = PBXFileReference; lastKnownFileType = text.plist.xml; path = Info.plist; sourceTree = "<group>"; };
		900F10CE1C3B2351003FF3B1 /* LooperUITests.xctest */ = {isa = PBXFileReference; explicitFileType = wrapper.cfbundle; includeInIndex = 0; path = LooperUITests.xctest; sourceTree = BUILT_PRODUCTS_DIR; };
		900F10D21C3B2351003FF3B1 /* LooperUITests.m */ = {isa = PBXFileReference; lastKnownFileType = sourcecode.c.objc; path = LooperUITests.m; sourceTree = "<group>"; };
		900F10D41C3B2351003FF3B1 /* Info.plist */ = {isa = PBXFileReference; lastKnownFileType = text.plist.xml; path = Info.plist; sourceTree = "<group>"; };
		903D5C2A1C3EF2BE0097A06D /* DMTrackCell.xib */ = {isa = PBXFileReference; fileEncoding = 4; lastKnownFileType = file.xib; path = DMTrackCell.xib; sourceTree = "<group>"; };
		903D5C2D1C3EF2F40097A06D /* DMTrackCell.h */ = {isa = PBXFileReference; fileEncoding = 4; lastKnownFileType = sourcecode.c.h; path = DMTrackCell.h; sourceTree = "<group>"; };
		903D5C2E1C3EF2F40097A06D /* DMTrackCell.m */ = {isa = PBXFileReference; fileEncoding = 4; lastKnownFileType = sourcecode.c.objc; path = DMTrackCell.m; sourceTree = "<group>"; };
		9048DDC61C3DB090005D3C08 /* DMBaseTrack.h */ = {isa = PBXFileReference; fileEncoding = 4; lastKnownFileType = sourcecode.c.h; path = DMBaseTrack.h; sourceTree = "<group>"; };
		9048DDC71C3DB090005D3C08 /* DMBaseTrack.m */ = {isa = PBXFileReference; fileEncoding = 4; lastKnownFileType = sourcecode.c.objc; path = DMBaseTrack.m; sourceTree = "<group>"; };
		9048DDCA1C3DC9D5005D3C08 /* DMUserDefaultsRepository.h */ = {isa = PBXFileReference; fileEncoding = 4; lastKnownFileType = sourcecode.c.h; path = DMUserDefaultsRepository.h; sourceTree = "<group>"; };
		9048DDCB1C3DC9D5005D3C08 /* DMUserDefaultsRepository.m */ = {isa = PBXFileReference; fileEncoding = 4; lastKnownFileType = sourcecode.c.objc; path = DMUserDefaultsRepository.m; sourceTree = "<group>"; };
		9062E6F71C3EADE0001B4018 /* DMFileRepository.h */ = {isa = PBXFileReference; fileEncoding = 4; lastKnownFileType = sourcecode.c.h; path = DMFileRepository.h; sourceTree = "<group>"; };
		9062E6F81C3EADE0001B4018 /* DMFileRepository.m */ = {isa = PBXFileReference; fileEncoding = 4; lastKnownFileType = sourcecode.c.objc; path = DMFileRepository.m; sourceTree = "<group>"; };
		906CA26F1C42E77300622D7D /* DMRecorder.h */ = {isa = PBXFileReference; fileEncoding = 4; lastKnownFileType = sourcecode.c.h; path = DMRecorder.h; sourceTree = "<group>"; };
		906CA2701C42E77300622D7D /* DMRecorder.m */ = {isa = PBXFileReference; fileEncoding = 4; lastKnownFileType = sourcecode.c.objc; path = DMRecorder.m; sourceTree = "<group>"; };
		90C21EE91C3D57BD00057999 /* UIView+DMAutoLayout.h */ = {isa = PBXFileReference; fileEncoding = 4; lastKnownFileType = sourcecode.c.h; path = "UIView+DMAutoLayout.h"; sourceTree = "<group>"; };
		90C21EEA1C3D57BD00057999 /* UIView+DMAutoLayout.m */ = {isa = PBXFileReference; fileEncoding = 4; lastKnownFileType = sourcecode.c.objc; path = "UIView+DMAutoLayout.m"; sourceTree = "<group>"; };
		90C21EEB1C3D57BD00057999 /* UIView+DMNibLoader.h */ = {isa = PBXFileReference; fileEncoding = 4; lastKnownFileType = sourcecode.c.h; path = "UIView+DMNibLoader.h"; sourceTree = "<group>"; };
		90C21EEC1C3D57BD00057999 /* UIView+DMNibLoader.m */ = {isa = PBXFileReference; fileEncoding = 4; lastKnownFileType = sourcecode.c.objc; path = "UIView+DMNibLoader.m"; sourceTree = "<group>"; };
		90C21EED1C3D57BD00057999 /* UIViewController+DMHelpers.h */ = {isa = PBXFileReference; fileEncoding = 4; lastKnownFileType = sourcecode.c.h; path = "UIViewController+DMHelpers.h"; sourceTree = "<group>"; };
		90C21EEE1C3D57BD00057999 /* UIViewController+DMHelpers.m */ = {isa = PBXFileReference; fileEncoding = 4; lastKnownFileType = sourcecode.c.objc; path = "UIViewController+DMHelpers.m"; sourceTree = "<group>"; };
		90C21F011C3D57BD00057999 /* DMLooperService.h */ = {isa = PBXFileReference; fileEncoding = 4; lastKnownFileType = sourcecode.c.h; path = DMLooperService.h; sourceTree = "<group>"; };
		90C21F021C3D57BD00057999 /* DMLooperService.m */ = {isa = PBXFileReference; fileEncoding = 4; lastKnownFileType = sourcecode.c.objc; path = DMLooperService.m; sourceTree = "<group>"; };
		90C21F0B1C3D57BD00057999 /* DMSavedLoopCell.xib */ = {isa = PBXFileReference; fileEncoding = 4; lastKnownFileType = file.xib; path = DMSavedLoopCell.xib; sourceTree = "<group>"; };
		90C21F0C1C3D57BD00057999 /* DMSavedLoopHeader.xib */ = {isa = PBXFileReference; fileEncoding = 4; lastKnownFileType = file.xib; path = DMSavedLoopHeader.xib; sourceTree = "<group>"; };
		90C21F0E1C3D57BD00057999 /* DMTracksView.xib */ = {isa = PBXFileReference; fileEncoding = 4; lastKnownFileType = file.xib; path = DMTracksView.xib; sourceTree = "<group>"; };
		90C21F201C3D581B00057999 /* Base */ = {isa = PBXFileReference; lastKnownFileType = file.storyboard; name = Base; path = Looper/Base.lproj/LaunchScreen.storyboard; sourceTree = SOURCE_ROOT; };
		90C21F221C3D581B00057999 /* Base */ = {isa = PBXFileReference; lastKnownFileType = file.storyboard; name = Base; path = Looper/Base.lproj/Main.storyboard; sourceTree = SOURCE_ROOT; };
		90C21F271C3D588600057999 /* DMSavedLoopCell.h */ = {isa = PBXFileReference; fileEncoding = 4; lastKnownFileType = sourcecode.c.h; path = DMSavedLoopCell.h; sourceTree = "<group>"; };
		90C21F281C3D588600057999 /* DMSavedLoopCell.m */ = {isa = PBXFileReference; fileEncoding = 4; lastKnownFileType = sourcecode.c.objc; path = DMSavedLoopCell.m; sourceTree = "<group>"; };
		90C21F291C3D588600057999 /* DMSavedLoopHeader.h */ = {isa = PBXFileReference; fileEncoding = 4; lastKnownFileType = sourcecode.c.h; path = DMSavedLoopHeader.h; sourceTree = "<group>"; };
		90C21F2A1C3D588600057999 /* DMSavedLoopHeader.m */ = {isa = PBXFileReference; fileEncoding = 4; lastKnownFileType = sourcecode.c.objc; path = DMSavedLoopHeader.m; sourceTree = "<group>"; };
		90C21F2E1C3D589400057999 /* DMTrack.h */ = {isa = PBXFileReference; fileEncoding = 4; lastKnownFileType = sourcecode.c.h; path = DMTrack.h; sourceTree = "<group>"; };
		90C21F2F1C3D589400057999 /* DMTrack.m */ = {isa = PBXFileReference; fileEncoding = 4; lastKnownFileType = sourcecode.c.objc; path = DMTrack.m; sourceTree = "<group>"; };
		90C21F321C3D589400057999 /* DMLooper.h */ = {isa = PBXFileReference; fileEncoding = 4; lastKnownFileType = sourcecode.c.h; path = DMLooper.h; sourceTree = "<group>"; };
		90C21F331C3D589400057999 /* DMLooper.m */ = {isa = PBXFileReference; fileEncoding = 4; lastKnownFileType = sourcecode.c.objc; path = DMLooper.m; sourceTree = "<group>"; };
		90C21F381C3D58A000057999 /* DMHomeViewController.h */ = {isa = PBXFileReference; fileEncoding = 4; lastKnownFileType = sourcecode.c.h; path = DMHomeViewController.h; sourceTree = "<group>"; };
		90C21F391C3D58A000057999 /* DMHomeViewController.m */ = {isa = PBXFileReference; fileEncoding = 4; lastKnownFileType = sourcecode.c.objc; path = DMHomeViewController.m; sourceTree = "<group>"; };
		90C21F3A1C3D58A000057999 /* DMLooperViewController.h */ = {isa = PBXFileReference; fileEncoding = 4; lastKnownFileType = sourcecode.c.h; path = DMLooperViewController.h; sourceTree = "<group>"; };
		90C21F3B1C3D58A000057999 /* DMLooperViewController.m */ = {isa = PBXFileReference; fileEncoding = 4; lastKnownFileType = sourcecode.c.objc; path = DMLooperViewController.m; sourceTree = "<group>"; };
		90C21F3C1C3D58A000057999 /* DMNavigationController.h */ = {isa = PBXFileReference; fileEncoding = 4; lastKnownFileType = sourcecode.c.h; path = DMNavigationController.h; sourceTree = "<group>"; };
		90C21F3D1C3D58A000057999 /* DMNavigationController.m */ = {isa = PBXFileReference; fileEncoding = 4; lastKnownFileType = sourcecode.c.objc; path = DMNavigationController.m; sourceTree = "<group>"; };
		90C21F3E1C3D58A000057999 /* DMTracksViewController.h */ = {isa = PBXFileReference; fileEncoding = 4; lastKnownFileType = sourcecode.c.h; path = DMTracksViewController.h; sourceTree = "<group>"; };
		90C21F3F1C3D58A000057999 /* DMTracksViewController.m */ = {isa = PBXFileReference; fileEncoding = 4; lastKnownFileType = sourcecode.c.objc; path = DMTracksViewController.m; sourceTree = "<group>"; };
		A5EF7499AACE27424EEF7054 /* Pods.release.xcconfig */ = {isa = PBXFileReference; includeInIndex = 1; lastKnownFileType = text.xcconfig; name = Pods.release.xcconfig; path = "Pods/Target Support Files/Pods/Pods.release.xcconfig"; sourceTree = "<group>"; };
		D1343F1C51DD6F63718D7147 /* libPods.a */ = {isa = PBXFileReference; explicitFileType = archive.ar; includeInIndex = 0; path = libPods.a; sourceTree = BUILT_PRODUCTS_DIR; };
/* End PBXFileReference section */

/* Begin PBXFrameworksBuildPhase section */
		900F10A71C3B2351003FF3B1 /* Frameworks */ = {
			isa = PBXFrameworksBuildPhase;
			buildActionMask = 2147483647;
			files = (
				1BA1577909BDBD891065ECCB /* libPods.a in Frameworks */,
			);
			runOnlyForDeploymentPostprocessing = 0;
		};
		900F10C01C3B2351003FF3B1 /* Frameworks */ = {
			isa = PBXFrameworksBuildPhase;
			buildActionMask = 2147483647;
			files = (
			);
			runOnlyForDeploymentPostprocessing = 0;
		};
		900F10CB1C3B2351003FF3B1 /* Frameworks */ = {
			isa = PBXFrameworksBuildPhase;
			buildActionMask = 2147483647;
			files = (
			);
			runOnlyForDeploymentPostprocessing = 0;
		};
/* End PBXFrameworksBuildPhase section */

/* Begin PBXGroup section */
		4A14B23B632461DC8D8D9B17 /* Pods */ = {
			isa = PBXGroup;
			children = (
				3B83EFC457ED577A285DC32B /* Pods.debug.xcconfig */,
				A5EF7499AACE27424EEF7054 /* Pods.release.xcconfig */,
			);
			name = Pods;
			sourceTree = "<group>";
		};
		4FEA9534A24486FF098A15E1 /* Frameworks */ = {
			isa = PBXGroup;
			children = (
				D1343F1C51DD6F63718D7147 /* libPods.a */,
			);
			name = Frameworks;
			sourceTree = "<group>";
		};
		90001E9D1C3EC9EB0099615B /* Device */ = {
			isa = PBXGroup;
			children = (
				90001E9E1C3EC9FD0099615B /* DMEnvironment.h */,
				90001E9F1C3EC9FD0099615B /* DMEnvironment.m */,
			);
			path = Device;
			sourceTree = "<group>";
		};
		900F10A11C3B2351003FF3B1 = {
			isa = PBXGroup;
			children = (
				900F10AC1C3B2351003FF3B1 /* Looper */,
				900F10C61C3B2351003FF3B1 /* LooperTests */,
				900F10D11C3B2351003FF3B1 /* LooperUITests */,
				900F10AB1C3B2351003FF3B1 /* Products */,
				4A14B23B632461DC8D8D9B17 /* Pods */,
				4FEA9534A24486FF098A15E1 /* Frameworks */,
			);
			sourceTree = "<group>";
		};
		900F10AB1C3B2351003FF3B1 /* Products */ = {
			isa = PBXGroup;
			children = (
				900F10AA1C3B2351003FF3B1 /* Looper.app */,
				900F10C31C3B2351003FF3B1 /* LooperTests.xctest */,
				900F10CE1C3B2351003FF3B1 /* LooperUITests.xctest */,
			);
			name = Products;
			sourceTree = "<group>";
		};
		900F10AC1C3B2351003FF3B1 /* Looper */ = {
			isa = PBXGroup;
			children = (
				900F10B01C3B2351003FF3B1 /* AppDelegate.h */,
				900F10B11C3B2351003FF3B1 /* AppDelegate.m */,
				90C21EE71C3D57BD00057999 /* Classes */,
				90C21F091C3D57BD00057999 /* Views */,
				900F10E11C3B2481003FF3B1 /* Resources */,
				900F10AD1C3B2351003FF3B1 /* Supporting Files */,
			);
			path = Looper;
			sourceTree = "<group>";
		};
		900F10AD1C3B2351003FF3B1 /* Supporting Files */ = {
			isa = PBXGroup;
			children = (
				900F10AE1C3B2351003FF3B1 /* main.m */,
			);
			name = "Supporting Files";
			sourceTree = "<group>";
		};
		900F10C61C3B2351003FF3B1 /* LooperTests */ = {
			isa = PBXGroup;
			children = (
				900F10C71C3B2351003FF3B1 /* LooperTests.m */,
				900F10C91C3B2351003FF3B1 /* Info.plist */,
			);
			path = LooperTests;
			sourceTree = "<group>";
		};
		900F10D11C3B2351003FF3B1 /* LooperUITests */ = {
			isa = PBXGroup;
			children = (
				900F10D21C3B2351003FF3B1 /* LooperUITests.m */,
				900F10D41C3B2351003FF3B1 /* Info.plist */,
			);
			path = LooperUITests;
			sourceTree = "<group>";
		};
		900F10E11C3B2481003FF3B1 /* Resources */ = {
			isa = PBXGroup;
			children = (
				900F10B91C3B2351003FF3B1 /* Assets.xcassets */,
				900F10BE1C3B2351003FF3B1 /* Info.plist */,
			);
			name = Resources;
			sourceTree = "<group>";
		};
		903D5C2C1C3EF2DF0097A06D /* Loop */ = {
			isa = PBXGroup;
			children = (
				903D5C2D1C3EF2F40097A06D /* DMTrackCell.h */,
				903D5C2E1C3EF2F40097A06D /* DMTrackCell.m */,
			);
			path = Loop;
			sourceTree = "<group>";
		};
		9048DDC91C3DC9B9005D3C08 /* Repositories */ = {
			isa = PBXGroup;
			children = (
				9048DDCA1C3DC9D5005D3C08 /* DMUserDefaultsRepository.h */,
				9048DDCB1C3DC9D5005D3C08 /* DMUserDefaultsRepository.m */,
				9062E6F71C3EADE0001B4018 /* DMFileRepository.h */,
				9062E6F81C3EADE0001B4018 /* DMFileRepository.m */,
			);
			path = Repositories;
			sourceTree = "<group>";
		};
		90C21EE71C3D57BD00057999 /* Classes */ = {
			isa = PBXGroup;
			children = (
				90C21EE81C3D57BD00057999 /* Categories */,
				90C21F371C3D58A000057999 /* Controllers */,
				90001E9D1C3EC9EB0099615B /* Device */,
				9048DDC91C3DC9B9005D3C08 /* Repositories */,
				90C21EFF1C3D57BD00057999 /* Services */,
				90C21F2D1C3D589400057999 /* Models */,
				90C21F251C3D588600057999 /* Views */,
			);
			path = Classes;
			sourceTree = "<group>";
		};
		90C21EE81C3D57BD00057999 /* Categories */ = {
			isa = PBXGroup;
			children = (
				90C21EE91C3D57BD00057999 /* UIView+DMAutoLayout.h */,
				90C21EEA1C3D57BD00057999 /* UIView+DMAutoLayout.m */,
				90C21EEB1C3D57BD00057999 /* UIView+DMNibLoader.h */,
				90C21EEC1C3D57BD00057999 /* UIView+DMNibLoader.m */,
				90C21EED1C3D57BD00057999 /* UIViewController+DMHelpers.h */,
				90C21EEE1C3D57BD00057999 /* UIViewController+DMHelpers.m */,
			);
			path = Categories;
			sourceTree = "<group>";
		};
		90C21EFF1C3D57BD00057999 /* Services */ = {
			isa = PBXGroup;
			children = (
				90C21F001C3D57BD00057999 /* Persistence */,
			);
			path = Services;
			sourceTree = "<group>";
		};
		90C21F001C3D57BD00057999 /* Persistence */ = {
			isa = PBXGroup;
			children = (
				90C21F011C3D57BD00057999 /* DMLooperService.h */,
				90C21F021C3D57BD00057999 /* DMLooperService.m */,
				90001E9A1C3EBD1E0099615B /* DMFileService.h */,
				90001E9B1C3EBD1E0099615B /* DMFileService.m */,
			);
			path = Persistence;
			sourceTree = "<group>";
		};
		90C21F091C3D57BD00057999 /* Views */ = {
			isa = PBXGroup;
			children = (
				90C21F1F1C3D581B00057999 /* LaunchScreen.storyboard */,
				90C21F211C3D581B00057999 /* Main.storyboard */,
				90C21F0A1C3D57BD00057999 /* Home */,
				90C21F0D1C3D57BD00057999 /* Loop */,
			);
			path = Views;
			sourceTree = "<group>";
		};
		90C21F0A1C3D57BD00057999 /* Home */ = {
			isa = PBXGroup;
			children = (
				90C21F0B1C3D57BD00057999 /* DMSavedLoopCell.xib */,
				90C21F0C1C3D57BD00057999 /* DMSavedLoopHeader.xib */,
			);
			path = Home;
			sourceTree = "<group>";
		};
		90C21F0D1C3D57BD00057999 /* Loop */ = {
			isa = PBXGroup;
			children = (
				903D5C2A1C3EF2BE0097A06D /* DMTrackCell.xib */,
				90C21F0E1C3D57BD00057999 /* DMTracksView.xib */,
			);
			path = Loop;
			sourceTree = "<group>";
		};
		90C21F251C3D588600057999 /* Views */ = {
			isa = PBXGroup;
			children = (
				90C21F261C3D588600057999 /* Home */,
				903D5C2C1C3EF2DF0097A06D /* Loop */,
			);
			path = Views;
			sourceTree = "<group>";
		};
		90C21F261C3D588600057999 /* Home */ = {
			isa = PBXGroup;
			children = (
				90C21F271C3D588600057999 /* DMSavedLoopCell.h */,
				90C21F281C3D588600057999 /* DMSavedLoopCell.m */,
				90C21F291C3D588600057999 /* DMSavedLoopHeader.h */,
				90C21F2A1C3D588600057999 /* DMSavedLoopHeader.m */,
			);
			path = Home;
			sourceTree = "<group>";
		};
		90C21F2D1C3D589400057999 /* Models */ = {
			isa = PBXGroup;
			children = (
				9048DDC61C3DB090005D3C08 /* DMBaseTrack.h */,
				9048DDC71C3DB090005D3C08 /* DMBaseTrack.m */,
				90C21F2E1C3D589400057999 /* DMTrack.h */,
				90C21F2F1C3D589400057999 /* DMTrack.m */,
				90C21F321C3D589400057999 /* DMLooper.h */,
				90C21F331C3D589400057999 /* DMLooper.m */,
				906CA26F1C42E77300622D7D /* DMRecorder.h */,
				906CA2701C42E77300622D7D /* DMRecorder.m */,
			);
			path = Models;
			sourceTree = "<group>";
		};
		90C21F371C3D58A000057999 /* Controllers */ = {
			isa = PBXGroup;
			children = (
				90C21F381C3D58A000057999 /* DMHomeViewController.h */,
				90C21F391C3D58A000057999 /* DMHomeViewController.m */,
				90C21F3A1C3D58A000057999 /* DMLooperViewController.h */,
				90C21F3B1C3D58A000057999 /* DMLooperViewController.m */,
				90C21F3C1C3D58A000057999 /* DMNavigationController.h */,
				90C21F3D1C3D58A000057999 /* DMNavigationController.m */,
				90C21F3E1C3D58A000057999 /* DMTracksViewController.h */,
				90C21F3F1C3D58A000057999 /* DMTracksViewController.m */,
			);
			path = Controllers;
			sourceTree = "<group>";
		};
/* End PBXGroup section */

/* Begin PBXNativeTarget section */
		900F10A91C3B2351003FF3B1 /* Looper */ = {
			isa = PBXNativeTarget;
			buildConfigurationList = 900F10D71C3B2351003FF3B1 /* Build configuration list for PBXNativeTarget "Looper" */;
			buildPhases = (
				E69CA59FBBE19E0B174C4D83 /* Check Pods Manifest.lock */,
				900F10A61C3B2351003FF3B1 /* Sources */,
				900F10A71C3B2351003FF3B1 /* Frameworks */,
				900F10A81C3B2351003FF3B1 /* Resources */,
				9C2E6AEB71C4EEF4EB905A1C /* Embed Pods Frameworks */,
				AF8FC56E33970826F0221030 /* Copy Pods Resources */,
			);
			buildRules = (
			);
			dependencies = (
			);
			name = Looper;
			productName = Looper;
			productReference = 900F10AA1C3B2351003FF3B1 /* Looper.app */;
			productType = "com.apple.product-type.application";
		};
		900F10C21C3B2351003FF3B1 /* LooperTests */ = {
			isa = PBXNativeTarget;
			buildConfigurationList = 900F10DA1C3B2351003FF3B1 /* Build configuration list for PBXNativeTarget "LooperTests" */;
			buildPhases = (
				900F10BF1C3B2351003FF3B1 /* Sources */,
				900F10C01C3B2351003FF3B1 /* Frameworks */,
				900F10C11C3B2351003FF3B1 /* Resources */,
			);
			buildRules = (
			);
			dependencies = (
				900F10C51C3B2351003FF3B1 /* PBXTargetDependency */,
			);
			name = LooperTests;
			productName = LooperTests;
			productReference = 900F10C31C3B2351003FF3B1 /* LooperTests.xctest */;
			productType = "com.apple.product-type.bundle.unit-test";
		};
		900F10CD1C3B2351003FF3B1 /* LooperUITests */ = {
			isa = PBXNativeTarget;
			buildConfigurationList = 900F10DD1C3B2351003FF3B1 /* Build configuration list for PBXNativeTarget "LooperUITests" */;
			buildPhases = (
				900F10CA1C3B2351003FF3B1 /* Sources */,
				900F10CB1C3B2351003FF3B1 /* Frameworks */,
				900F10CC1C3B2351003FF3B1 /* Resources */,
			);
			buildRules = (
			);
			dependencies = (
				900F10D01C3B2351003FF3B1 /* PBXTargetDependency */,
			);
			name = LooperUITests;
			productName = LooperUITests;
			productReference = 900F10CE1C3B2351003FF3B1 /* LooperUITests.xctest */;
			productType = "com.apple.product-type.bundle.ui-testing";
		};
/* End PBXNativeTarget section */

/* Begin PBXProject section */
		900F10A21C3B2351003FF3B1 /* Project object */ = {
			isa = PBXProject;
			attributes = {
				LastUpgradeCheck = 0720;
				ORGANIZATIONNAME = DM;
				TargetAttributes = {
					900F10A91C3B2351003FF3B1 = {
						CreatedOnToolsVersion = 7.2;
					};
					900F10C21C3B2351003FF3B1 = {
						CreatedOnToolsVersion = 7.2;
						TestTargetID = 900F10A91C3B2351003FF3B1;
					};
					900F10CD1C3B2351003FF3B1 = {
						CreatedOnToolsVersion = 7.2;
						TestTargetID = 900F10A91C3B2351003FF3B1;
					};
				};
			};
			buildConfigurationList = 900F10A51C3B2351003FF3B1 /* Build configuration list for PBXProject "Looper" */;
			compatibilityVersion = "Xcode 3.2";
			developmentRegion = English;
			hasScannedForEncodings = 0;
			knownRegions = (
				en,
				Base,
			);
			mainGroup = 900F10A11C3B2351003FF3B1;
			productRefGroup = 900F10AB1C3B2351003FF3B1 /* Products */;
			projectDirPath = "";
			projectRoot = "";
			targets = (
				900F10A91C3B2351003FF3B1 /* Looper */,
				900F10C21C3B2351003FF3B1 /* LooperTests */,
				900F10CD1C3B2351003FF3B1 /* LooperUITests */,
			);
		};
/* End PBXProject section */

/* Begin PBXResourcesBuildPhase section */
		900F10A81C3B2351003FF3B1 /* Resources */ = {
			isa = PBXResourcesBuildPhase;
			buildActionMask = 2147483647;
			files = (
				90C21F1C1C3D57BD00057999 /* DMSavedLoopCell.xib in Resources */,
				90C21F1E1C3D57BD00057999 /* DMTracksView.xib in Resources */,
				900F10BA1C3B2351003FF3B1 /* Assets.xcassets in Resources */,
				90C21F241C3D581B00057999 /* Main.storyboard in Resources */,
				90C21F231C3D581B00057999 /* LaunchScreen.storyboard in Resources */,
				90C21F1D1C3D57BD00057999 /* DMSavedLoopHeader.xib in Resources */,
				903D5C2B1C3EF2BE0097A06D /* DMTrackCell.xib in Resources */,
			);
			runOnlyForDeploymentPostprocessing = 0;
		};
		900F10C11C3B2351003FF3B1 /* Resources */ = {
			isa = PBXResourcesBuildPhase;
			buildActionMask = 2147483647;
			files = (
			);
			runOnlyForDeploymentPostprocessing = 0;
		};
		900F10CC1C3B2351003FF3B1 /* Resources */ = {
			isa = PBXResourcesBuildPhase;
			buildActionMask = 2147483647;
			files = (
			);
			runOnlyForDeploymentPostprocessing = 0;
		};
/* End PBXResourcesBuildPhase section */

/* Begin PBXShellScriptBuildPhase section */
		9C2E6AEB71C4EEF4EB905A1C /* Embed Pods Frameworks */ = {
			isa = PBXShellScriptBuildPhase;
			buildActionMask = 2147483647;
			files = (
			);
			inputPaths = (
			);
			name = "Embed Pods Frameworks";
			outputPaths = (
			);
			runOnlyForDeploymentPostprocessing = 0;
			shellPath = /bin/sh;
			shellScript = "\"${SRCROOT}/Pods/Target Support Files/Pods/Pods-frameworks.sh\"\n";
			showEnvVarsInLog = 0;
		};
		AF8FC56E33970826F0221030 /* Copy Pods Resources */ = {
			isa = PBXShellScriptBuildPhase;
			buildActionMask = 2147483647;
			files = (
			);
			inputPaths = (
			);
			name = "Copy Pods Resources";
			outputPaths = (
			);
			runOnlyForDeploymentPostprocessing = 0;
			shellPath = /bin/sh;
			shellScript = "\"${SRCROOT}/Pods/Target Support Files/Pods/Pods-resources.sh\"\n";
			showEnvVarsInLog = 0;
		};
		E69CA59FBBE19E0B174C4D83 /* Check Pods Manifest.lock */ = {
			isa = PBXShellScriptBuildPhase;
			buildActionMask = 2147483647;
			files = (
			);
			inputPaths = (
			);
			name = "Check Pods Manifest.lock";
			outputPaths = (
			);
			runOnlyForDeploymentPostprocessing = 0;
			shellPath = /bin/sh;
			shellScript = "diff \"${PODS_ROOT}/../Podfile.lock\" \"${PODS_ROOT}/Manifest.lock\" > /dev/null\nif [[ $? != 0 ]] ; then\n    cat << EOM\nerror: The sandbox is not in sync with the Podfile.lock. Run 'pod install' or update your CocoaPods installation.\nEOM\n    exit 1\nfi\n";
			showEnvVarsInLog = 0;
		};
/* End PBXShellScriptBuildPhase section */

/* Begin PBXSourcesBuildPhase section */
		900F10A61C3B2351003FF3B1 /* Sources */ = {
			isa = PBXSourcesBuildPhase;
			buildActionMask = 2147483647;
			files = (
				90C21F2B1C3D588600057999 /* DMSavedLoopCell.m in Sources */,
				90C21F101C3D57BD00057999 /* UIView+DMNibLoader.m in Sources */,
				903D5C2F1C3EF2F40097A06D /* DMTrackCell.m in Sources */,
				90C21F191C3D57BD00057999 /* DMLooperService.m in Sources */,
				90C21F2C1C3D588600057999 /* DMSavedLoopHeader.m in Sources */,
				90001EA01C3EC9FD0099615B /* DMEnvironment.m in Sources */,
				90C21F111C3D57BD00057999 /* UIViewController+DMHelpers.m in Sources */,
				90C21F0F1C3D57BD00057999 /* UIView+DMAutoLayout.m in Sources */,
				90001E9C1C3EBD1E0099615B /* DMFileService.m in Sources */,
				900F10B21C3B2351003FF3B1 /* AppDelegate.m in Sources */,
				906CA2711C42E77300622D7D /* DMRecorder.m in Sources */,
				90C21F431C3D58A000057999 /* DMTracksViewController.m in Sources */,
				9048DDC81C3DB090005D3C08 /* DMBaseTrack.m in Sources */,
				90C21F421C3D58A000057999 /* DMNavigationController.m in Sources */,
				90C21F361C3D589400057999 /* DMLooper.m in Sources */,
				90C21F341C3D589400057999 /* DMTrack.m in Sources */,
				9062E6F91C3EADE0001B4018 /* DMFileRepository.m in Sources */,
				90C21F411C3D58A000057999 /* DMLooperViewController.m in Sources */,
				9048DDCC1C3DC9D5005D3C08 /* DMUserDefaultsRepository.m in Sources */,
				90C21F401C3D58A000057999 /* DMHomeViewController.m in Sources */,
				900F10AF1C3B2351003FF3B1 /* main.m in Sources */,
			);
			runOnlyForDeploymentPostprocessing = 0;
		};
		900F10BF1C3B2351003FF3B1 /* Sources */ = {
			isa = PBXSourcesBuildPhase;
			buildActionMask = 2147483647;
			files = (
				900F10C81C3B2351003FF3B1 /* LooperTests.m in Sources */,
			);
			runOnlyForDeploymentPostprocessing = 0;
		};
		900F10CA1C3B2351003FF3B1 /* Sources */ = {
			isa = PBXSourcesBuildPhase;
			buildActionMask = 2147483647;
			files = (
				900F10D31C3B2351003FF3B1 /* LooperUITests.m in Sources */,
			);
			runOnlyForDeploymentPostprocessing = 0;
		};
/* End PBXSourcesBuildPhase section */

/* Begin PBXTargetDependency section */
		900F10C51C3B2351003FF3B1 /* PBXTargetDependency */ = {
			isa = PBXTargetDependency;
			target = 900F10A91C3B2351003FF3B1 /* Looper */;
			targetProxy = 900F10C41C3B2351003FF3B1 /* PBXContainerItemProxy */;
		};
		900F10D01C3B2351003FF3B1 /* PBXTargetDependency */ = {
			isa = PBXTargetDependency;
			target = 900F10A91C3B2351003FF3B1 /* Looper */;
			targetProxy = 900F10CF1C3B2351003FF3B1 /* PBXContainerItemProxy */;
		};
/* End PBXTargetDependency section */

/* Begin PBXVariantGroup section */
		90C21F1F1C3D581B00057999 /* LaunchScreen.storyboard */ = {
			isa = PBXVariantGroup;
			children = (
				90C21F201C3D581B00057999 /* Base */,
			);
			name = LaunchScreen.storyboard;
			path = Home;
			sourceTree = "<group>";
		};
		90C21F211C3D581B00057999 /* Main.storyboard */ = {
			isa = PBXVariantGroup;
			children = (
				90C21F221C3D581B00057999 /* Base */,
			);
			name = Main.storyboard;
			path = Home;
			sourceTree = "<group>";
		};
/* End PBXVariantGroup section */

/* Begin XCBuildConfiguration section */
		900F10D51C3B2351003FF3B1 /* Debug */ = {
			isa = XCBuildConfiguration;
			buildSettings = {
				ALWAYS_SEARCH_USER_PATHS = NO;
				CLANG_CXX_LANGUAGE_STANDARD = "gnu++0x";
				CLANG_CXX_LIBRARY = "libc++";
				CLANG_ENABLE_MODULES = YES;
				CLANG_ENABLE_OBJC_ARC = YES;
				CLANG_WARN_BOOL_CONVERSION = YES;
				CLANG_WARN_CONSTANT_CONVERSION = YES;
				CLANG_WARN_DIRECT_OBJC_ISA_USAGE = YES_ERROR;
				CLANG_WARN_EMPTY_BODY = YES;
				CLANG_WARN_ENUM_CONVERSION = YES;
				CLANG_WARN_INT_CONVERSION = YES;
				CLANG_WARN_OBJC_ROOT_CLASS = YES_ERROR;
				CLANG_WARN_UNREACHABLE_CODE = YES;
				CLANG_WARN__DUPLICATE_METHOD_MATCH = YES;
				"CODE_SIGN_IDENTITY[sdk=iphoneos*]" = "iPhone Developer";
				COPY_PHASE_STRIP = NO;
				DEBUG_INFORMATION_FORMAT = dwarf;
				ENABLE_STRICT_OBJC_MSGSEND = YES;
				ENABLE_TESTABILITY = YES;
				GCC_C_LANGUAGE_STANDARD = gnu99;
				GCC_DYNAMIC_NO_PIC = NO;
				GCC_NO_COMMON_BLOCKS = YES;
				GCC_OPTIMIZATION_LEVEL = 0;
				GCC_PREPROCESSOR_DEFINITIONS = (
					"DEBUG=1",
					"$(inherited)",
				);
				GCC_WARN_64_TO_32_BIT_CONVERSION = YES;
				GCC_WARN_ABOUT_RETURN_TYPE = YES_ERROR;
				GCC_WARN_UNDECLARED_SELECTOR = YES;
				GCC_WARN_UNINITIALIZED_AUTOS = YES_AGGRESSIVE;
				GCC_WARN_UNUSED_FUNCTION = YES;
				GCC_WARN_UNUSED_VARIABLE = YES;
				IPHONEOS_DEPLOYMENT_TARGET = 8.0;
				MTL_ENABLE_DEBUG_INFO = YES;
				ONLY_ACTIVE_ARCH = YES;
				SDKROOT = iphoneos;
				TARGETED_DEVICE_FAMILY = "1,2";
			};
			name = Debug;
		};
		900F10D61C3B2351003FF3B1 /* Release */ = {
			isa = XCBuildConfiguration;
			buildSettings = {
				ALWAYS_SEARCH_USER_PATHS = NO;
				CLANG_CXX_LANGUAGE_STANDARD = "gnu++0x";
				CLANG_CXX_LIBRARY = "libc++";
				CLANG_ENABLE_MODULES = YES;
				CLANG_ENABLE_OBJC_ARC = YES;
				CLANG_WARN_BOOL_CONVERSION = YES;
				CLANG_WARN_CONSTANT_CONVERSION = YES;
				CLANG_WARN_DIRECT_OBJC_ISA_USAGE = YES_ERROR;
				CLANG_WARN_EMPTY_BODY = YES;
				CLANG_WARN_ENUM_CONVERSION = YES;
				CLANG_WARN_INT_CONVERSION = YES;
				CLANG_WARN_OBJC_ROOT_CLASS = YES_ERROR;
				CLANG_WARN_UNREACHABLE_CODE = YES;
				CLANG_WARN__DUPLICATE_METHOD_MATCH = YES;
				"CODE_SIGN_IDENTITY[sdk=iphoneos*]" = "iPhone Developer";
				COPY_PHASE_STRIP = NO;
				DEBUG_INFORMATION_FORMAT = "dwarf-with-dsym";
				ENABLE_NS_ASSERTIONS = NO;
				ENABLE_STRICT_OBJC_MSGSEND = YES;
				GCC_C_LANGUAGE_STANDARD = gnu99;
				GCC_NO_COMMON_BLOCKS = YES;
				GCC_WARN_64_TO_32_BIT_CONVERSION = YES;
				GCC_WARN_ABOUT_RETURN_TYPE = YES_ERROR;
				GCC_WARN_UNDECLARED_SELECTOR = YES;
				GCC_WARN_UNINITIALIZED_AUTOS = YES_AGGRESSIVE;
				GCC_WARN_UNUSED_FUNCTION = YES;
				GCC_WARN_UNUSED_VARIABLE = YES;
				IPHONEOS_DEPLOYMENT_TARGET = 8.0;
				MTL_ENABLE_DEBUG_INFO = NO;
				SDKROOT = iphoneos;
				TARGETED_DEVICE_FAMILY = "1,2";
				VALIDATE_PRODUCT = YES;
			};
			name = Release;
		};
		900F10D81C3B2351003FF3B1 /* Debug */ = {
			isa = XCBuildConfiguration;
			baseConfigurationReference = 3B83EFC457ED577A285DC32B /* Pods.debug.xcconfig */;
			buildSettings = {
				ASSETCATALOG_COMPILER_APPICON_NAME = AppIcon;
				INFOPLIST_FILE = Looper/Info.plist;
				LD_RUNPATH_SEARCH_PATHS = "$(inherited) @executable_path/Frameworks";
				PRODUCT_BUNDLE_IDENTIFIER = uk.co.dynomike.Looper;
				PRODUCT_NAME = "$(TARGET_NAME)";
			};
			name = Debug;
		};
		900F10D91C3B2351003FF3B1 /* Release */ = {
			isa = XCBuildConfiguration;
			baseConfigurationReference = A5EF7499AACE27424EEF7054 /* Pods.release.xcconfig */;
			buildSettings = {
				ASSETCATALOG_COMPILER_APPICON_NAME = AppIcon;
				INFOPLIST_FILE = Looper/Info.plist;
				LD_RUNPATH_SEARCH_PATHS = "$(inherited) @executable_path/Frameworks";
				PRODUCT_BUNDLE_IDENTIFIER = uk.co.dynomike.Looper;
				PRODUCT_NAME = "$(TARGET_NAME)";
			};
			name = Release;
		};
		900F10DB1C3B2351003FF3B1 /* Debug */ = {
			isa = XCBuildConfiguration;
			buildSettings = {
				BUNDLE_LOADER = "$(TEST_HOST)";
				INFOPLIST_FILE = LooperTests/Info.plist;
				LD_RUNPATH_SEARCH_PATHS = "$(inherited) @executable_path/Frameworks @loader_path/Frameworks";
				PRODUCT_BUNDLE_IDENTIFIER = uk.co.dynomike.LooperTests;
				PRODUCT_NAME = "$(TARGET_NAME)";
				TEST_HOST = "$(BUILT_PRODUCTS_DIR)/Looper.app/Looper";
			};
			name = Debug;
		};
		900F10DC1C3B2351003FF3B1 /* Release */ = {
			isa = XCBuildConfiguration;
			buildSettings = {
				BUNDLE_LOADER = "$(TEST_HOST)";
				INFOPLIST_FILE = LooperTests/Info.plist;
				LD_RUNPATH_SEARCH_PATHS = "$(inherited) @executable_path/Frameworks @loader_path/Frameworks";
				PRODUCT_BUNDLE_IDENTIFIER = uk.co.dynomike.LooperTests;
				PRODUCT_NAME = "$(TARGET_NAME)";
				TEST_HOST = "$(BUILT_PRODUCTS_DIR)/Looper.app/Looper";
			};
			name = Release;
		};
		900F10DE1C3B2351003FF3B1 /* Debug */ = {
			isa = XCBuildConfiguration;
			buildSettings = {
				INFOPLIST_FILE = LooperUITests/Info.plist;
				LD_RUNPATH_SEARCH_PATHS = "$(inherited) @executable_path/Frameworks @loader_path/Frameworks";
				PRODUCT_BUNDLE_IDENTIFIER = uk.co.dynomike.LooperUITests;
				PRODUCT_NAME = "$(TARGET_NAME)";
				TEST_TARGET_NAME = Looper;
				USES_XCTRUNNER = YES;
			};
			name = Debug;
		};
		900F10DF1C3B2351003FF3B1 /* Release */ = {
			isa = XCBuildConfiguration;
			buildSettings = {
				INFOPLIST_FILE = LooperUITests/Info.plist;
				LD_RUNPATH_SEARCH_PATHS = "$(inherited) @executable_path/Frameworks @loader_path/Frameworks";
				PRODUCT_BUNDLE_IDENTIFIER = uk.co.dynomike.LooperUITests;
				PRODUCT_NAME = "$(TARGET_NAME)";
				TEST_TARGET_NAME = Looper;
				USES_XCTRUNNER = YES;
			};
			name = Release;
		};
/* End XCBuildConfiguration section */

/* Begin XCConfigurationList section */
		900F10A51C3B2351003FF3B1 /* Build configuration list for PBXProject "Looper" */ = {
			isa = XCConfigurationList;
			buildConfigurations = (
				900F10D51C3B2351003FF3B1 /* Debug */,
				900F10D61C3B2351003FF3B1 /* Release */,
			);
			defaultConfigurationIsVisible = 0;
			defaultConfigurationName = Release;
		};
		900F10D71C3B2351003FF3B1 /* Build configuration list for PBXNativeTarget "Looper" */ = {
			isa = XCConfigurationList;
			buildConfigurations = (
				900F10D81C3B2351003FF3B1 /* Debug */,
				900F10D91C3B2351003FF3B1 /* Release */,
			);
			defaultConfigurationIsVisible = 0;
			defaultConfigurationName = Release;
		};
		900F10DA1C3B2351003FF3B1 /* Build configuration list for PBXNativeTarget "LooperTests" */ = {
			isa = XCConfigurationList;
			buildConfigurations = (
				900F10DB1C3B2351003FF3B1 /* Debug */,
				900F10DC1C3B2351003FF3B1 /* Release */,
			);
			defaultConfigurationIsVisible = 0;
			defaultConfigurationName = Release;
		};
		900F10DD1C3B2351003FF3B1 /* Build configuration list for PBXNativeTarget "LooperUITests" */ = {
			isa = XCConfigurationList;
			buildConfigurations = (
				900F10DE1C3B2351003FF3B1 /* Debug */,
				900F10DF1C3B2351003FF3B1 /* Release */,
			);
			defaultConfigurationIsVisible = 0;
			defaultConfigurationName = Release;
		};
/* End XCConfigurationList section */
	};
	rootObject = 900F10A21C3B2351003FF3B1 /* Project object */;
}
