// !$*UTF8*$!
{
	archiveVersion = 1;
	classes = {
	};
	objectVersion = 46;
	objects = {

/* Begin PBXBuildFile section */
		900F10AF1C3B2351003FF3B1 /* main.m in Sources */ = {isa = PBXBuildFile; fileRef = 900F10AE1C3B2351003FF3B1 /* main.m */; };
		900F10B21C3B2351003FF3B1 /* AppDelegate.m in Sources */ = {isa = PBXBuildFile; fileRef = 900F10B11C3B2351003FF3B1 /* AppDelegate.m */; };
		900F10B81C3B2351003FF3B1 /* Main.storyboard in Resources */ = {isa = PBXBuildFile; fileRef = 900F10B61C3B2351003FF3B1 /* Main.storyboard */; };
		900F10BA1C3B2351003FF3B1 /* Assets.xcassets in Resources */ = {isa = PBXBuildFile; fileRef = 900F10B91C3B2351003FF3B1 /* Assets.xcassets */; };
		900F10BD1C3B2351003FF3B1 /* LaunchScreen.storyboard in Resources */ = {isa = PBXBuildFile; fileRef = 900F10BB1C3B2351003FF3B1 /* LaunchScreen.storyboard */; };
		900F10C81C3B2351003FF3B1 /* LooperTests.m in Sources */ = {isa = PBXBuildFile; fileRef = 900F10C71C3B2351003FF3B1 /* LooperTests.m */; };
		900F10D31C3B2351003FF3B1 /* LooperUITests.m in Sources */ = {isa = PBXBuildFile; fileRef = 900F10D21C3B2351003FF3B1 /* LooperUITests.m */; };
		900F10EB1C3B253C003FF3B1 /* DMLoopViewController.m in Sources */ = {isa = PBXBuildFile; fileRef = 900F10EA1C3B253C003FF3B1 /* DMLoopViewController.m */; };
		900F10EF1C3B261A003FF3B1 /* DMLooper.m in Sources */ = {isa = PBXBuildFile; fileRef = 900F10EE1C3B261A003FF3B1 /* DMLooper.m */; };
		900F10F21C3B2623003FF3B1 /* DMChannel.m in Sources */ = {isa = PBXBuildFile; fileRef = 900F10F11C3B2623003FF3B1 /* DMChannel.m */; };
		90206DB41C3C558A00DDAA73 /* DMSavedLoopCell.m in Sources */ = {isa = PBXBuildFile; fileRef = 90206DB31C3C558A00DDAA73 /* DMSavedLoopCell.m */; };
		90206DB81C3C55C000DDAA73 /* DMSavedLoopCell.xib in Resources */ = {isa = PBXBuildFile; fileRef = 90206DB71C3C55C000DDAA73 /* DMSavedLoopCell.xib */; };
		90206DBA1C3C585900DDAA73 /* DMSavedLoopHeader.xib in Resources */ = {isa = PBXBuildFile; fileRef = 90206DB91C3C585900DDAA73 /* DMSavedLoopHeader.xib */; };
		90206DBD1C3C588F00DDAA73 /* DMSavedLoopHeader.m in Sources */ = {isa = PBXBuildFile; fileRef = 90206DBC1C3C588F00DDAA73 /* DMSavedLoopHeader.m */; };
		90206DC01C3C61C400DDAA73 /* DMLoop.m in Sources */ = {isa = PBXBuildFile; fileRef = 90206DBF1C3C61C400DDAA73 /* DMLoop.m */; };
		90206DC31C3C6A0E00DDAA73 /* UIView+DMNibLoader.m in Sources */ = {isa = PBXBuildFile; fileRef = 90206DC21C3C6A0E00DDAA73 /* UIView+DMNibLoader.m */; };
		90206DC61C3C6B4B00DDAA73 /* DMTracksView.xib in Resources */ = {isa = PBXBuildFile; fileRef = 90206DC51C3C6B4B00DDAA73 /* DMTracksView.xib */; };
		90206DC91C3C6C1C00DDAA73 /* UIViewController+DMHelpers.m in Sources */ = {isa = PBXBuildFile; fileRef = 90206DC81C3C6C1C00DDAA73 /* UIViewController+DMHelpers.m */; };
		90206DCC1C3C6F5F00DDAA73 /* DMTracksViewController.m in Sources */ = {isa = PBXBuildFile; fileRef = 90206DCB1C3C6F5F00DDAA73 /* DMTracksViewController.m */; };
		90B969581C3C2D9A00DBD7CF /* DMHomeViewController.m in Sources */ = {isa = PBXBuildFile; fileRef = 90B969571C3C2D9A00DBD7CF /* DMHomeViewController.m */; };
		90B9695B1C3C364200DBD7CF /* DMNavigationController.m in Sources */ = {isa = PBXBuildFile; fileRef = 90B9695A1C3C364200DBD7CF /* DMNavigationController.m */; };
		90B969621C3C374100DBD7CF /* UIView+DMAutoLayout.m in Sources */ = {isa = PBXBuildFile; fileRef = 90B969611C3C374100DBD7CF /* UIView+DMAutoLayout.m */; };
		90C21EE31C3D383500057999 /* DMPersistenceService.m in Sources */ = {isa = PBXBuildFile; fileRef = 90C21EE21C3D383500057999 /* DMPersistenceService.m */; };
/* End PBXBuildFile section */

/* Begin PBXContainerItemProxy section */
		900F10C41C3B2351003FF3B1 /* PBXContainerItemProxy */ = {
			isa = PBXContainerItemProxy;
			containerPortal = 900F10A21C3B2351003FF3B1 /* Project object */;
			proxyType = 1;
			remoteGlobalIDString = 900F10A91C3B2351003FF3B1;
			remoteInfo = Looper;
		};
		900F10CF1C3B2351003FF3B1 /* PBXContainerItemProxy */ = {
			isa = PBXContainerItemProxy;
			containerPortal = 900F10A21C3B2351003FF3B1 /* Project object */;
			proxyType = 1;
			remoteGlobalIDString = 900F10A91C3B2351003FF3B1;
			remoteInfo = Looper;
		};
/* End PBXContainerItemProxy section */

/* Begin PBXFileReference section */
		900F10AA1C3B2351003FF3B1 /* Looper.app */ = {isa = PBXFileReference; explicitFileType = wrapper.application; includeInIndex = 0; path = Looper.app; sourceTree = BUILT_PRODUCTS_DIR; };
		900F10AE1C3B2351003FF3B1 /* main.m */ = {isa = PBXFileReference; lastKnownFileType = sourcecode.c.objc; path = main.m; sourceTree = "<group>"; };
		900F10B01C3B2351003FF3B1 /* AppDelegate.h */ = {isa = PBXFileReference; lastKnownFileType = sourcecode.c.h; path = AppDelegate.h; sourceTree = "<group>"; };
		900F10B11C3B2351003FF3B1 /* AppDelegate.m */ = {isa = PBXFileReference; lastKnownFileType = sourcecode.c.objc; path = AppDelegate.m; sourceTree = "<group>"; };
		900F10B71C3B2351003FF3B1 /* Base */ = {isa = PBXFileReference; lastKnownFileType = file.storyboard; name = Base; path = Base.lproj/Main.storyboard; sourceTree = "<group>"; };
		900F10B91C3B2351003FF3B1 /* Assets.xcassets */ = {isa = PBXFileReference; lastKnownFileType = folder.assetcatalog; path = Assets.xcassets; sourceTree = "<group>"; };
		900F10BC1C3B2351003FF3B1 /* Base */ = {isa = PBXFileReference; lastKnownFileType = file.storyboard; name = Base; path = Base.lproj/LaunchScreen.storyboard; sourceTree = "<group>"; };
		900F10BE1C3B2351003FF3B1 /* Info.plist */ = {isa = PBXFileReference; lastKnownFileType = text.plist.xml; path = Info.plist; sourceTree = "<group>"; };
		900F10C31C3B2351003FF3B1 /* LooperTests.xctest */ = {isa = PBXFileReference; explicitFileType = wrapper.cfbundle; includeInIndex = 0; path = LooperTests.xctest; sourceTree = BUILT_PRODUCTS_DIR; };
		900F10C71C3B2351003FF3B1 /* LooperTests.m */ = {isa = PBXFileReference; lastKnownFileType = sourcecode.c.objc; path = LooperTests.m; sourceTree = "<group>"; };
		900F10C91C3B2351003FF3B1 /* Info.plist */ = {isa = PBXFileReference; lastKnownFileType = text.plist.xml; path = Info.plist; sourceTree = "<group>"; };
		900F10CE1C3B2351003FF3B1 /* LooperUITests.xctest */ = {isa = PBXFileReference; explicitFileType = wrapper.cfbundle; includeInIndex = 0; path = LooperUITests.xctest; sourceTree = BUILT_PRODUCTS_DIR; };
		900F10D21C3B2351003FF3B1 /* LooperUITests.m */ = {isa = PBXFileReference; lastKnownFileType = sourcecode.c.objc; path = LooperUITests.m; sourceTree = "<group>"; };
		900F10D41C3B2351003FF3B1 /* Info.plist */ = {isa = PBXFileReference; lastKnownFileType = text.plist.xml; path = Info.plist; sourceTree = "<group>"; };
		900F10E91C3B253C003FF3B1 /* DMLoopViewController.h */ = {isa = PBXFileReference; fileEncoding = 4; lastKnownFileType = sourcecode.c.h; path = DMLoopViewController.h; sourceTree = "<group>"; };
		900F10EA1C3B253C003FF3B1 /* DMLoopViewController.m */ = {isa = PBXFileReference; fileEncoding = 4; lastKnownFileType = sourcecode.c.objc; path = DMLoopViewController.m; sourceTree = "<group>"; };
		900F10ED1C3B261A003FF3B1 /* DMLooper.h */ = {isa = PBXFileReference; fileEncoding = 4; lastKnownFileType = sourcecode.c.h; path = DMLooper.h; sourceTree = "<group>"; };
		900F10EE1C3B261A003FF3B1 /* DMLooper.m */ = {isa = PBXFileReference; fileEncoding = 4; lastKnownFileType = sourcecode.c.objc; path = DMLooper.m; sourceTree = "<group>"; };
		900F10F01C3B2623003FF3B1 /* DMChannel.h */ = {isa = PBXFileReference; fileEncoding = 4; lastKnownFileType = sourcecode.c.h; path = DMChannel.h; sourceTree = "<group>"; };
		900F10F11C3B2623003FF3B1 /* DMChannel.m */ = {isa = PBXFileReference; fileEncoding = 4; lastKnownFileType = sourcecode.c.objc; path = DMChannel.m; sourceTree = "<group>"; };
		90206DB21C3C558A00DDAA73 /* DMSavedLoopCell.h */ = {isa = PBXFileReference; fileEncoding = 4; lastKnownFileType = sourcecode.c.h; path = DMSavedLoopCell.h; sourceTree = "<group>"; };
		90206DB31C3C558A00DDAA73 /* DMSavedLoopCell.m */ = {isa = PBXFileReference; fileEncoding = 4; lastKnownFileType = sourcecode.c.objc; path = DMSavedLoopCell.m; sourceTree = "<group>"; };
		90206DB71C3C55C000DDAA73 /* DMSavedLoopCell.xib */ = {isa = PBXFileReference; fileEncoding = 4; lastKnownFileType = file.xib; path = DMSavedLoopCell.xib; sourceTree = "<group>"; };
		90206DB91C3C585900DDAA73 /* DMSavedLoopHeader.xib */ = {isa = PBXFileReference; fileEncoding = 4; lastKnownFileType = file.xib; path = DMSavedLoopHeader.xib; sourceTree = "<group>"; };
		90206DBB1C3C588F00DDAA73 /* DMSavedLoopHeader.h */ = {isa = PBXFileReference; fileEncoding = 4; lastKnownFileType = sourcecode.c.h; path = DMSavedLoopHeader.h; sourceTree = "<group>"; };
		90206DBC1C3C588F00DDAA73 /* DMSavedLoopHeader.m */ = {isa = PBXFileReference; fileEncoding = 4; lastKnownFileType = sourcecode.c.objc; path = DMSavedLoopHeader.m; sourceTree = "<group>"; };
		90206DBE1C3C61C400DDAA73 /* DMLoop.h */ = {isa = PBXFileReference; fileEncoding = 4; lastKnownFileType = sourcecode.c.h; path = DMLoop.h; sourceTree = "<group>"; };
		90206DBF1C3C61C400DDAA73 /* DMLoop.m */ = {isa = PBXFileReference; fileEncoding = 4; lastKnownFileType = sourcecode.c.objc; path = DMLoop.m; sourceTree = "<group>"; };
		90206DC11C3C6A0E00DDAA73 /* UIView+DMNibLoader.h */ = {isa = PBXFileReference; fileEncoding = 4; lastKnownFileType = sourcecode.c.h; path = "UIView+DMNibLoader.h"; sourceTree = "<group>"; };
		90206DC21C3C6A0E00DDAA73 /* UIView+DMNibLoader.m */ = {isa = PBXFileReference; fileEncoding = 4; lastKnownFileType = sourcecode.c.objc; path = "UIView+DMNibLoader.m"; sourceTree = "<group>"; };
		90206DC51C3C6B4B00DDAA73 /* DMTracksView.xib */ = {isa = PBXFileReference; fileEncoding = 4; lastKnownFileType = file.xib; path = DMTracksView.xib; sourceTree = "<group>"; };
		90206DC71C3C6C1C00DDAA73 /* UIViewController+DMHelpers.h */ = {isa = PBXFileReference; fileEncoding = 4; lastKnownFileType = sourcecode.c.h; path = "UIViewController+DMHelpers.h"; sourceTree = "<group>"; };
		90206DC81C3C6C1C00DDAA73 /* UIViewController+DMHelpers.m */ = {isa = PBXFileReference; fileEncoding = 4; lastKnownFileType = sourcecode.c.objc; path = "UIViewController+DMHelpers.m"; sourceTree = "<group>"; };
		90206DCA1C3C6F5F00DDAA73 /* DMTracksViewController.h */ = {isa = PBXFileReference; fileEncoding = 4; lastKnownFileType = sourcecode.c.h; path = DMTracksViewController.h; sourceTree = "<group>"; };
		90206DCB1C3C6F5F00DDAA73 /* DMTracksViewController.m */ = {isa = PBXFileReference; fileEncoding = 4; lastKnownFileType = sourcecode.c.objc; path = DMTracksViewController.m; sourceTree = "<group>"; };
		90B969561C3C2D9A00DBD7CF /* DMHomeViewController.h */ = {isa = PBXFileReference; fileEncoding = 4; lastKnownFileType = sourcecode.c.h; path = DMHomeViewController.h; sourceTree = "<group>"; };
		90B969571C3C2D9A00DBD7CF /* DMHomeViewController.m */ = {isa = PBXFileReference; fileEncoding = 4; lastKnownFileType = sourcecode.c.objc; path = DMHomeViewController.m; sourceTree = "<group>"; };
		90B969591C3C364200DBD7CF /* DMNavigationController.h */ = {isa = PBXFileReference; fileEncoding = 4; lastKnownFileType = sourcecode.c.h; path = DMNavigationController.h; sourceTree = "<group>"; };
		90B9695A1C3C364200DBD7CF /* DMNavigationController.m */ = {isa = PBXFileReference; fileEncoding = 4; lastKnownFileType = sourcecode.c.objc; path = DMNavigationController.m; sourceTree = "<group>"; };
		90B969601C3C374100DBD7CF /* UIView+DMAutoLayout.h */ = {isa = PBXFileReference; fileEncoding = 4; lastKnownFileType = sourcecode.c.h; path = "UIView+DMAutoLayout.h"; sourceTree = "<group>"; };
		90B969611C3C374100DBD7CF /* UIView+DMAutoLayout.m */ = {isa = PBXFileReference; fileEncoding = 4; lastKnownFileType = sourcecode.c.objc; path = "UIView+DMAutoLayout.m"; sourceTree = "<group>"; };
		90C21EE11C3D383500057999 /* DMPersistenceService.h */ = {isa = PBXFileReference; fileEncoding = 4; lastKnownFileType = sourcecode.c.h; path = DMPersistenceService.h; sourceTree = "<group>"; };
		90C21EE21C3D383500057999 /* DMPersistenceService.m */ = {isa = PBXFileReference; fileEncoding = 4; lastKnownFileType = sourcecode.c.objc; path = DMPersistenceService.m; sourceTree = "<group>"; };
/* End PBXFileReference section */

/* Begin PBXFrameworksBuildPhase section */
		900F10A71C3B2351003FF3B1 /* Frameworks */ = {
			isa = PBXFrameworksBuildPhase;
			buildActionMask = 2147483647;
			files = (
			);
			runOnlyForDeploymentPostprocessing = 0;
		};
		900F10C01C3B2351003FF3B1 /* Frameworks */ = {
			isa = PBXFrameworksBuildPhase;
			buildActionMask = 2147483647;
			files = (
			);
			runOnlyForDeploymentPostprocessing = 0;
		};
		900F10CB1C3B2351003FF3B1 /* Frameworks */ = {
			isa = PBXFrameworksBuildPhase;
			buildActionMask = 2147483647;
			files = (
			);
			runOnlyForDeploymentPostprocessing = 0;
		};
/* End PBXFrameworksBuildPhase section */

/* Begin PBXGroup section */
		900F10A11C3B2351003FF3B1 = {
			isa = PBXGroup;
			children = (
				900F10AC1C3B2351003FF3B1 /* Looper */,
				900F10C61C3B2351003FF3B1 /* LooperTests */,
				900F10D11C3B2351003FF3B1 /* LooperUITests */,
				900F10AB1C3B2351003FF3B1 /* Products */,
			);
			sourceTree = "<group>";
		};
		900F10AB1C3B2351003FF3B1 /* Products */ = {
			isa = PBXGroup;
			children = (
				900F10AA1C3B2351003FF3B1 /* Looper.app */,
				900F10C31C3B2351003FF3B1 /* LooperTests.xctest */,
				900F10CE1C3B2351003FF3B1 /* LooperUITests.xctest */,
			);
			name = Products;
			sourceTree = "<group>";
		};
		900F10AC1C3B2351003FF3B1 /* Looper */ = {
			isa = PBXGroup;
			children = (
				900F10B01C3B2351003FF3B1 /* AppDelegate.h */,
				900F10B11C3B2351003FF3B1 /* AppDelegate.m */,
				900F10E01C3B2467003FF3B1 /* Storyboards */,
				90B9695C1C3C36E000DBD7CF /* Categories */,
				900F10E21C3B24C8003FF3B1 /* Controller */,
				90206DAD1C3C54ED00DDAA73 /* View */,
				900F10EC1C3B2601003FF3B1 /* Model */,
				90C21EDF1C3D382100057999 /* Services */,
				900F10E11C3B2481003FF3B1 /* Resources */,
				900F10AD1C3B2351003FF3B1 /* Supporting Files */,
			);
			path = Looper;
			sourceTree = "<group>";
		};
		900F10AD1C3B2351003FF3B1 /* Supporting Files */ = {
			isa = PBXGroup;
			children = (
				900F10AE1C3B2351003FF3B1 /* main.m */,
			);
			name = "Supporting Files";
			sourceTree = "<group>";
		};
		900F10C61C3B2351003FF3B1 /* LooperTests */ = {
			isa = PBXGroup;
			children = (
				900F10C71C3B2351003FF3B1 /* LooperTests.m */,
				900F10C91C3B2351003FF3B1 /* Info.plist */,
			);
			path = LooperTests;
			sourceTree = "<group>";
		};
		900F10D11C3B2351003FF3B1 /* LooperUITests */ = {
			isa = PBXGroup;
			children = (
				900F10D21C3B2351003FF3B1 /* LooperUITests.m */,
				900F10D41C3B2351003FF3B1 /* Info.plist */,
			);
			path = LooperUITests;
			sourceTree = "<group>";
		};
		900F10E01C3B2467003FF3B1 /* Storyboards */ = {
			isa = PBXGroup;
			children = (
				900F10B61C3B2351003FF3B1 /* Main.storyboard */,
				900F10BB1C3B2351003FF3B1 /* LaunchScreen.storyboard */,
			);
			name = Storyboards;
			sourceTree = "<group>";
		};
		900F10E11C3B2481003FF3B1 /* Resources */ = {
			isa = PBXGroup;
			children = (
				900F10B91C3B2351003FF3B1 /* Assets.xcassets */,
				900F10BE1C3B2351003FF3B1 /* Info.plist */,
			);
			name = Resources;
			sourceTree = "<group>";
		};
		900F10E21C3B24C8003FF3B1 /* Controller */ = {
			isa = PBXGroup;
			children = (
				90B969561C3C2D9A00DBD7CF /* DMHomeViewController.h */,
				90B969571C3C2D9A00DBD7CF /* DMHomeViewController.m */,
				900F10E91C3B253C003FF3B1 /* DMLoopViewController.h */,
				900F10EA1C3B253C003FF3B1 /* DMLoopViewController.m */,
				90B969591C3C364200DBD7CF /* DMNavigationController.h */,
				90B9695A1C3C364200DBD7CF /* DMNavigationController.m */,
				90206DCA1C3C6F5F00DDAA73 /* DMTracksViewController.h */,
				90206DCB1C3C6F5F00DDAA73 /* DMTracksViewController.m */,
			);
			path = Controller;
			sourceTree = "<group>";
		};
		900F10EC1C3B2601003FF3B1 /* Model */ = {
			isa = PBXGroup;
			children = (
				900F10ED1C3B261A003FF3B1 /* DMLooper.h */,
				900F10EE1C3B261A003FF3B1 /* DMLooper.m */,
				900F10F01C3B2623003FF3B1 /* DMChannel.h */,
				900F10F11C3B2623003FF3B1 /* DMChannel.m */,
				90206DBE1C3C61C400DDAA73 /* DMLoop.h */,
				90206DBF1C3C61C400DDAA73 /* DMLoop.m */,
			);
			path = Model;
			sourceTree = "<group>";
		};
		90206DAD1C3C54ED00DDAA73 /* View */ = {
			isa = PBXGroup;
			children = (
				90206DC41C3C6B1D00DDAA73 /* Loop */,
				90206DB11C3C558A00DDAA73 /* Home */,
			);
			path = View;
			sourceTree = "<group>";
		};
		90206DB11C3C558A00DDAA73 /* Home */ = {
			isa = PBXGroup;
			children = (
				90206DB21C3C558A00DDAA73 /* DMSavedLoopCell.h */,
				90206DB31C3C558A00DDAA73 /* DMSavedLoopCell.m */,
				90206DB71C3C55C000DDAA73 /* DMSavedLoopCell.xib */,
				90206DBB1C3C588F00DDAA73 /* DMSavedLoopHeader.h */,
				90206DBC1C3C588F00DDAA73 /* DMSavedLoopHeader.m */,
				90206DB91C3C585900DDAA73 /* DMSavedLoopHeader.xib */,
			);
			path = Home;
			sourceTree = "<group>";
		};
		90206DC41C3C6B1D00DDAA73 /* Loop */ = {
			isa = PBXGroup;
			children = (
				90206DC51C3C6B4B00DDAA73 /* DMTracksView.xib */,
			);
			path = Loop;
			sourceTree = "<group>";
		};
		90B9695C1C3C36E000DBD7CF /* Categories */ = {
			isa = PBXGroup;
			children = (
				90B969601C3C374100DBD7CF /* UIView+DMAutoLayout.h */,
				90B969611C3C374100DBD7CF /* UIView+DMAutoLayout.m */,
				90206DC11C3C6A0E00DDAA73 /* UIView+DMNibLoader.h */,
				90206DC21C3C6A0E00DDAA73 /* UIView+DMNibLoader.m */,
				90206DC71C3C6C1C00DDAA73 /* UIViewController+DMHelpers.h */,
				90206DC81C3C6C1C00DDAA73 /* UIViewController+DMHelpers.m */,
			);
			path = Categories;
			sourceTree = "<group>";
		};
		90C21EDF1C3D382100057999 /* Services */ = {
			isa = PBXGroup;
			children = (
				90C21EE01C3D382100057999 /* Persistence */,
			);
			path = Services;
			sourceTree = "<group>";
		};
		90C21EE01C3D382100057999 /* Persistence */ = {
			isa = PBXGroup;
			children = (
				90C21EE11C3D383500057999 /* DMPersistenceService.h */,
				90C21EE21C3D383500057999 /* DMPersistenceService.m */,
			);
			path = Persistence;
			sourceTree = "<group>";
		};
/* End PBXGroup section */

/* Begin PBXNativeTarget section */
		900F10A91C3B2351003FF3B1 /* Looper */ = {
			isa = PBXNativeTarget;
			buildConfigurationList = 900F10D71C3B2351003FF3B1 /* Build configuration list for PBXNativeTarget "Looper" */;
			buildPhases = (
				900F10A61C3B2351003FF3B1 /* Sources */,
				900F10A71C3B2351003FF3B1 /* Frameworks */,
				900F10A81C3B2351003FF3B1 /* Resources */,
			);
			buildRules = (
			);
			dependencies = (
			);
			name = Looper;
			productName = Looper;
			productReference = 900F10AA1C3B2351003FF3B1 /* Looper.app */;
			productType = "com.apple.product-type.application";
		};
		900F10C21C3B2351003FF3B1 /* LooperTests */ = {
			isa = PBXNativeTarget;
			buildConfigurationList = 900F10DA1C3B2351003FF3B1 /* Build configuration list for PBXNativeTarget "LooperTests" */;
			buildPhases = (
				900F10BF1C3B2351003FF3B1 /* Sources */,
				900F10C01C3B2351003FF3B1 /* Frameworks */,
				900F10C11C3B2351003FF3B1 /* Resources */,
			);
			buildRules = (
			);
			dependencies = (
				900F10C51C3B2351003FF3B1 /* PBXTargetDependency */,
			);
			name = LooperTests;
			productName = LooperTests;
			productReference = 900F10C31C3B2351003FF3B1 /* LooperTests.xctest */;
			productType = "com.apple.product-type.bundle.unit-test";
		};
		900F10CD1C3B2351003FF3B1 /* LooperUITests */ = {
			isa = PBXNativeTarget;
			buildConfigurationList = 900F10DD1C3B2351003FF3B1 /* Build configuration list for PBXNativeTarget "LooperUITests" */;
			buildPhases = (
				900F10CA1C3B2351003FF3B1 /* Sources */,
				900F10CB1C3B2351003FF3B1 /* Frameworks */,
				900F10CC1C3B2351003FF3B1 /* Resources */,
			);
			buildRules = (
			);
			dependencies = (
				900F10D01C3B2351003FF3B1 /* PBXTargetDependency */,
			);
			name = LooperUITests;
			productName = LooperUITests;
			productReference = 900F10CE1C3B2351003FF3B1 /* LooperUITests.xctest */;
			productType = "com.apple.product-type.bundle.ui-testing";
		};
/* End PBXNativeTarget section */

/* Begin PBXProject section */
		900F10A21C3B2351003FF3B1 /* Project object */ = {
			isa = PBXProject;
			attributes = {
				LastUpgradeCheck = 0720;
				ORGANIZATIONNAME = DM;
				TargetAttributes = {
					900F10A91C3B2351003FF3B1 = {
						CreatedOnToolsVersion = 7.2;
					};
					900F10C21C3B2351003FF3B1 = {
						CreatedOnToolsVersion = 7.2;
						TestTargetID = 900F10A91C3B2351003FF3B1;
					};
					900F10CD1C3B2351003FF3B1 = {
						CreatedOnToolsVersion = 7.2;
						TestTargetID = 900F10A91C3B2351003FF3B1;
					};
				};
			};
			buildConfigurationList = 900F10A51C3B2351003FF3B1 /* Build configuration list for PBXProject "Looper" */;
			compatibilityVersion = "Xcode 3.2";
			developmentRegion = English;
			hasScannedForEncodings = 0;
			knownRegions = (
				en,
				Base,
			);
			mainGroup = 900F10A11C3B2351003FF3B1;
			productRefGroup = 900F10AB1C3B2351003FF3B1 /* Products */;
			projectDirPath = "";
			projectRoot = "";
			targets = (
				900F10A91C3B2351003FF3B1 /* Looper */,
				900F10C21C3B2351003FF3B1 /* LooperTests */,
				900F10CD1C3B2351003FF3B1 /* LooperUITests */,
			);
		};
/* End PBXProject section */

/* Begin PBXResourcesBuildPhase section */
		900F10A81C3B2351003FF3B1 /* Resources */ = {
			isa = PBXResourcesBuildPhase;
			buildActionMask = 2147483647;
			files = (
				900F10BD1C3B2351003FF3B1 /* LaunchScreen.storyboard in Resources */,
				900F10BA1C3B2351003FF3B1 /* Assets.xcassets in Resources */,
				900F10B81C3B2351003FF3B1 /* Main.storyboard in Resources */,
				90206DC61C3C6B4B00DDAA73 /* DMTracksView.xib in Resources */,
				90206DB81C3C55C000DDAA73 /* DMSavedLoopCell.xib in Resources */,
				90206DBA1C3C585900DDAA73 /* DMSavedLoopHeader.xib in Resources */,
			);
			runOnlyForDeploymentPostprocessing = 0;
		};
		900F10C11C3B2351003FF3B1 /* Resources */ = {
			isa = PBXResourcesBuildPhase;
			buildActionMask = 2147483647;
			files = (
			);
			runOnlyForDeploymentPostprocessing = 0;
		};
		900F10CC1C3B2351003FF3B1 /* Resources */ = {
			isa = PBXResourcesBuildPhase;
			buildActionMask = 2147483647;
			files = (
			);
			runOnlyForDeploymentPostprocessing = 0;
		};
/* End PBXResourcesBuildPhase section */

/* Begin PBXSourcesBuildPhase section */
		900F10A61C3B2351003FF3B1 /* Sources */ = {
			isa = PBXSourcesBuildPhase;
			buildActionMask = 2147483647;
			files = (
				900F10B21C3B2351003FF3B1 /* AppDelegate.m in Sources */,
				90B9695B1C3C364200DBD7CF /* DMNavigationController.m in Sources */,
				900F10AF1C3B2351003FF3B1 /* main.m in Sources */,
				900F10EB1C3B253C003FF3B1 /* DMLoopViewController.m in Sources */,
				900F10F21C3B2623003FF3B1 /* DMChannel.m in Sources */,
				90206DC01C3C61C400DDAA73 /* DMLoop.m in Sources */,
				90206DC31C3C6A0E00DDAA73 /* UIView+DMNibLoader.m in Sources */,
				90206DB41C3C558A00DDAA73 /* DMSavedLoopCell.m in Sources */,
				90B969581C3C2D9A00DBD7CF /* DMHomeViewController.m in Sources */,
				90B969621C3C374100DBD7CF /* UIView+DMAutoLayout.m in Sources */,
				90206DC91C3C6C1C00DDAA73 /* UIViewController+DMHelpers.m in Sources */,
				900F10EF1C3B261A003FF3B1 /* DMLooper.m in Sources */,
				90206DBD1C3C588F00DDAA73 /* DMSavedLoopHeader.m in Sources */,
				90206DCC1C3C6F5F00DDAA73 /* DMTracksViewController.m in Sources */,
				90C21EE31C3D383500057999 /* DMPersistenceService.m in Sources */,
			);
			runOnlyForDeploymentPostprocessing = 0;
		};
		900F10BF1C3B2351003FF3B1 /* Sources */ = {
			isa = PBXSourcesBuildPhase;
			buildActionMask = 2147483647;
			files = (
				900F10C81C3B2351003FF3B1 /* LooperTests.m in Sources */,
			);
			runOnlyForDeploymentPostprocessing = 0;
		};
		900F10CA1C3B2351003FF3B1 /* Sources */ = {
			isa = PBXSourcesBuildPhase;
			buildActionMask = 2147483647;
			files = (
				900F10D31C3B2351003FF3B1 /* LooperUITests.m in Sources */,
			);
			runOnlyForDeploymentPostprocessing = 0;
		};
/* End PBXSourcesBuildPhase section */

/* Begin PBXTargetDependency section */
		900F10C51C3B2351003FF3B1 /* PBXTargetDependency */ = {
			isa = PBXTargetDependency;
			target = 900F10A91C3B2351003FF3B1 /* Looper */;
			targetProxy = 900F10C41C3B2351003FF3B1 /* PBXContainerItemProxy */;
		};
		900F10D01C3B2351003FF3B1 /* PBXTargetDependency */ = {
			isa = PBXTargetDependency;
			target = 900F10A91C3B2351003FF3B1 /* Looper */;
			targetProxy = 900F10CF1C3B2351003FF3B1 /* PBXContainerItemProxy */;
		};
/* End PBXTargetDependency section */

/* Begin PBXVariantGroup section */
		900F10B61C3B2351003FF3B1 /* Main.storyboard */ = {
			isa = PBXVariantGroup;
			children = (
				900F10B71C3B2351003FF3B1 /* Base */,
			);
			name = Main.storyboard;
			sourceTree = "<group>";
		};
		900F10BB1C3B2351003FF3B1 /* LaunchScreen.storyboard */ = {
			isa = PBXVariantGroup;
			children = (
				900F10BC1C3B2351003FF3B1 /* Base */,
			);
			name = LaunchScreen.storyboard;
			sourceTree = "<group>";
		};
/* End PBXVariantGroup section */

/* Begin XCBuildConfiguration section */
		900F10D51C3B2351003FF3B1 /* Debug */ = {
			isa = XCBuildConfiguration;
			buildSettings = {
				ALWAYS_SEARCH_USER_PATHS = NO;
				CLANG_CXX_LANGUAGE_STANDARD = "gnu++0x";
				CLANG_CXX_LIBRARY = "libc++";
				CLANG_ENABLE_MODULES = YES;
				CLANG_ENABLE_OBJC_ARC = YES;
				CLANG_WARN_BOOL_CONVERSION = YES;
				CLANG_WARN_CONSTANT_CONVERSION = YES;
				CLANG_WARN_DIRECT_OBJC_ISA_USAGE = YES_ERROR;
				CLANG_WARN_EMPTY_BODY = YES;
				CLANG_WARN_ENUM_CONVERSION = YES;
				CLANG_WARN_INT_CONVERSION = YES;
				CLANG_WARN_OBJC_ROOT_CLASS = YES_ERROR;
				CLANG_WARN_UNREACHABLE_CODE = YES;
				CLANG_WARN__DUPLICATE_METHOD_MATCH = YES;
				"CODE_SIGN_IDENTITY[sdk=iphoneos*]" = "iPhone Developer";
				COPY_PHASE_STRIP = NO;
				DEBUG_INFORMATION_FORMAT = dwarf;
				ENABLE_STRICT_OBJC_MSGSEND = YES;
				ENABLE_TESTABILITY = YES;
				GCC_C_LANGUAGE_STANDARD = gnu99;
				GCC_DYNAMIC_NO_PIC = NO;
				GCC_NO_COMMON_BLOCKS = YES;
				GCC_OPTIMIZATION_LEVEL = 0;
				GCC_PREPROCESSOR_DEFINITIONS = (
					"DEBUG=1",
					"$(inherited)",
				);
				GCC_WARN_64_TO_32_BIT_CONVERSION = YES;
				GCC_WARN_ABOUT_RETURN_TYPE = YES_ERROR;
				GCC_WARN_UNDECLARED_SELECTOR = YES;
				GCC_WARN_UNINITIALIZED_AUTOS = YES_AGGRESSIVE;
				GCC_WARN_UNUSED_FUNCTION = YES;
				GCC_WARN_UNUSED_VARIABLE = YES;
				IPHONEOS_DEPLOYMENT_TARGET = 8.0;
				MTL_ENABLE_DEBUG_INFO = YES;
				ONLY_ACTIVE_ARCH = YES;
				SDKROOT = iphoneos;
				TARGETED_DEVICE_FAMILY = "1,2";
			};
			name = Debug;
		};
		900F10D61C3B2351003FF3B1 /* Release */ = {
			isa = XCBuildConfiguration;
			buildSettings = {
				ALWAYS_SEARCH_USER_PATHS = NO;
				CLANG_CXX_LANGUAGE_STANDARD = "gnu++0x";
				CLANG_CXX_LIBRARY = "libc++";
				CLANG_ENABLE_MODULES = YES;
				CLANG_ENABLE_OBJC_ARC = YES;
				CLANG_WARN_BOOL_CONVERSION = YES;
				CLANG_WARN_CONSTANT_CONVERSION = YES;
				CLANG_WARN_DIRECT_OBJC_ISA_USAGE = YES_ERROR;
				CLANG_WARN_EMPTY_BODY = YES;
				CLANG_WARN_ENUM_CONVERSION = YES;
				CLANG_WARN_INT_CONVERSION = YES;
				CLANG_WARN_OBJC_ROOT_CLASS = YES_ERROR;
				CLANG_WARN_UNREACHABLE_CODE = YES;
				CLANG_WARN__DUPLICATE_METHOD_MATCH = YES;
				"CODE_SIGN_IDENTITY[sdk=iphoneos*]" = "iPhone Developer";
				COPY_PHASE_STRIP = NO;
				DEBUG_INFORMATION_FORMAT = "dwarf-with-dsym";
				ENABLE_NS_ASSERTIONS = NO;
				ENABLE_STRICT_OBJC_MSGSEND = YES;
				GCC_C_LANGUAGE_STANDARD = gnu99;
				GCC_NO_COMMON_BLOCKS = YES;
				GCC_WARN_64_TO_32_BIT_CONVERSION = YES;
				GCC_WARN_ABOUT_RETURN_TYPE = YES_ERROR;
				GCC_WARN_UNDECLARED_SELECTOR = YES;
				GCC_WARN_UNINITIALIZED_AUTOS = YES_AGGRESSIVE;
				GCC_WARN_UNUSED_FUNCTION = YES;
				GCC_WARN_UNUSED_VARIABLE = YES;
				IPHONEOS_DEPLOYMENT_TARGET = 8.0;
				MTL_ENABLE_DEBUG_INFO = NO;
				SDKROOT = iphoneos;
				TARGETED_DEVICE_FAMILY = "1,2";
				VALIDATE_PRODUCT = YES;
			};
			name = Release;
		};
		900F10D81C3B2351003FF3B1 /* Debug */ = {
			isa = XCBuildConfiguration;
			buildSettings = {
				ASSETCATALOG_COMPILER_APPICON_NAME = AppIcon;
				INFOPLIST_FILE = Looper/Info.plist;
				LD_RUNPATH_SEARCH_PATHS = "$(inherited) @executable_path/Frameworks";
				PRODUCT_BUNDLE_IDENTIFIER = uk.co.dynomike.Looper;
				PRODUCT_NAME = "$(TARGET_NAME)";
			};
			name = Debug;
		};
		900F10D91C3B2351003FF3B1 /* Release */ = {
			isa = XCBuildConfiguration;
			buildSettings = {
				ASSETCATALOG_COMPILER_APPICON_NAME = AppIcon;
				INFOPLIST_FILE = Looper/Info.plist;
				LD_RUNPATH_SEARCH_PATHS = "$(inherited) @executable_path/Frameworks";
				PRODUCT_BUNDLE_IDENTIFIER = uk.co.dynomike.Looper;
				PRODUCT_NAME = "$(TARGET_NAME)";
			};
			name = Release;
		};
		900F10DB1C3B2351003FF3B1 /* Debug */ = {
			isa = XCBuildConfiguration;
			buildSettings = {
				BUNDLE_LOADER = "$(TEST_HOST)";
				INFOPLIST_FILE = LooperTests/Info.plist;
				LD_RUNPATH_SEARCH_PATHS = "$(inherited) @executable_path/Frameworks @loader_path/Frameworks";
				PRODUCT_BUNDLE_IDENTIFIER = uk.co.dynomike.LooperTests;
				PRODUCT_NAME = "$(TARGET_NAME)";
				TEST_HOST = "$(BUILT_PRODUCTS_DIR)/Looper.app/Looper";
			};
			name = Debug;
		};
		900F10DC1C3B2351003FF3B1 /* Release */ = {
			isa = XCBuildConfiguration;
			buildSettings = {
				BUNDLE_LOADER = "$(TEST_HOST)";
				INFOPLIST_FILE = LooperTests/Info.plist;
				LD_RUNPATH_SEARCH_PATHS = "$(inherited) @executable_path/Frameworks @loader_path/Frameworks";
				PRODUCT_BUNDLE_IDENTIFIER = uk.co.dynomike.LooperTests;
				PRODUCT_NAME = "$(TARGET_NAME)";
				TEST_HOST = "$(BUILT_PRODUCTS_DIR)/Looper.app/Looper";
			};
			name = Release;
		};
		900F10DE1C3B2351003FF3B1 /* Debug */ = {
			isa = XCBuildConfiguration;
			buildSettings = {
				INFOPLIST_FILE = LooperUITests/Info.plist;
				LD_RUNPATH_SEARCH_PATHS = "$(inherited) @executable_path/Frameworks @loader_path/Frameworks";
				PRODUCT_BUNDLE_IDENTIFIER = uk.co.dynomike.LooperUITests;
				PRODUCT_NAME = "$(TARGET_NAME)";
				TEST_TARGET_NAME = Looper;
				USES_XCTRUNNER = YES;
			};
			name = Debug;
		};
		900F10DF1C3B2351003FF3B1 /* Release */ = {
			isa = XCBuildConfiguration;
			buildSettings = {
				INFOPLIST_FILE = LooperUITests/Info.plist;
				LD_RUNPATH_SEARCH_PATHS = "$(inherited) @executable_path/Frameworks @loader_path/Frameworks";
				PRODUCT_BUNDLE_IDENTIFIER = uk.co.dynomike.LooperUITests;
				PRODUCT_NAME = "$(TARGET_NAME)";
				TEST_TARGET_NAME = Looper;
				USES_XCTRUNNER = YES;
			};
			name = Release;
		};
/* End XCBuildConfiguration section */

/* Begin XCConfigurationList section */
		900F10A51C3B2351003FF3B1 /* Build configuration list for PBXProject "Looper" */ = {
			isa = XCConfigurationList;
			buildConfigurations = (
				900F10D51C3B2351003FF3B1 /* Debug */,
				900F10D61C3B2351003FF3B1 /* Release */,
			);
			defaultConfigurationIsVisible = 0;
			defaultConfigurationName = Release;
		};
		900F10D71C3B2351003FF3B1 /* Build configuration list for PBXNativeTarget "Looper" */ = {
			isa = XCConfigurationList;
			buildConfigurations = (
				900F10D81C3B2351003FF3B1 /* Debug */,
				900F10D91C3B2351003FF3B1 /* Release */,
			);
			defaultConfigurationIsVisible = 0;
			defaultConfigurationName = Release;
		};
		900F10DA1C3B2351003FF3B1 /* Build configuration list for PBXNativeTarget "LooperTests" */ = {
			isa = XCConfigurationList;
			buildConfigurations = (
				900F10DB1C3B2351003FF3B1 /* Debug */,
				900F10DC1C3B2351003FF3B1 /* Release */,
			);
			defaultConfigurationIsVisible = 0;
			defaultConfigurationName = Release;
		};
		900F10DD1C3B2351003FF3B1 /* Build configuration list for PBXNativeTarget "LooperUITests" */ = {
			isa = XCConfigurationList;
			buildConfigurations = (
				900F10DE1C3B2351003FF3B1 /* Debug */,
				900F10DF1C3B2351003FF3B1 /* Release */,
			);
			defaultConfigurationIsVisible = 0;
			defaultConfigurationName = Release;
		};
/* End XCConfigurationList section */
	};
	rootObject = 900F10A21C3B2351003FF3B1 /* Project object */;
}
